
Microsoft Visual Studio Solution File, Format Version 12.00
# Visual Studio Version 17
VisualStudioVersion = 17.0.31903.59
MinimumVisualStudioVersion = 10.0.40219.1
Project("{FAE04EC0-301F-11D3-BF4B-00C04F79EFBC}") = "Pulswerk.Core", "src\Pulswerk.Core\Pulswerk.Core.csproj", "{A1000001-0000-0000-0000-000000000001}"
EndProject
Project("{FAE04EC0-301F-11D3-BF4B-00C04F79EFBC}") = "Pulswerk.Drivers", "src\Pulswerk.Drivers\Pulswerk.Drivers.csproj", "{A1000002-0000-0000-0000-000000000002}"
EndProject
Project("{FAE04EC0-301F-11D3-BF4B-00C04F79EFBC}") = "Pulswerk.Storage", "src\Pulswerk.Storage\Pulswerk.Storage.csproj", "{A1000003-0000-0000-0000-000000000003}"
EndProject
Project("{FAE04EC0-301F-11D3-BF4B-00C04F79EFBC}") = "Pulswerk.Dashboard", "src\Pulswerk.Dashboard\Pulswerk.Dashboard.csproj", "{A1000004-0000-0000-0000-000000000004}"
EndProject
Project("{FAE04EC0-301F-11D3-BF4B-00C04F79EFBC}") = "Pulswerk.Host", "src\Pulswerk.Host\Pulswerk.Host.csproj", "{A1000005-0000-0000-0000-000000000005}"
EndProject
Project("{FAE04EC0-301F-11D3-BF4B-00C04F79EFBC}") = "Pulswerk.Core.Tests", "tests\Pulswerk.Core.Tests\Pulswerk.Core.Tests.csproj", "{B1000001-0000-0000-0000-000000000001}"
EndProject
Project("{FAE04EC0-301F-11D3-BF4B-00C04F79EFBC}") = "Pulswerk.Storage.Tests", "tests\Pulswerk.Storage.Tests\Pulswerk.Storage.Tests.csproj", "{B1000002-0000-0000-0000-000000000002}"
EndProject
Project("{FAE04EC0-301F-11D3-BF4B-00C04F79EFBC}") = "Pulswerk.Dashboard.Tests", "tests\Pulswerk.Dashboard.Tests\Pulswerk.Dashboard.Tests.csproj", "{B1000003-0000-0000-0000-000000000003}"
EndProject
Project("{2150E333-8FDC-42A3-9474-1A3956D46DE8}") = "tests", "tests", "{FDDA8951-1236-4E6C-A103-EEA5DE622980}"
EndProject
Project("{FAE04EC0-301F-11D3-BF4B-00C04F79EFBC}") = "Pulswerk.Drivers.Tests", "tests\Pulswerk.Drivers.Tests\Pulswerk.Drivers.Tests.csproj", "{F8F97FC2-5C34-4240-9E6A-79CE893C9DD6}"
EndProject
Project("{2150E333-8FDC-42A3-9474-1A3956D46DE8}") = "src", "src", "{283AD569-FDEC-43A1-BEB8-783FE0F57B01}"
EndProject
Project("{FAE04EC0-301F-11D3-BF4B-00C04F79EFBC}") = "Pulswerk.Billing", "src\Pulswerk.Billing\Pulswerk.Billing.csproj", "{9D414EE4-EA2C-4684-AC27-033AA90DF2EC}"
EndProject
Project("{FAE04EC0-301F-11D3-BF4B-00C04F79EFBC}") = "Pulswerk.Ems", "src\Pulswerk.Ems\Pulswerk.Ems.csproj", "{F1C628B5-3600-4E93-9A37-E1BA2045DE3A}"
EndProject
Project("{FAE04EC0-301F-11D3-BF4B-00C04F79EFBC}") = "Pulswerk.Billing.Tests", "tests\Pulswerk.Billing.Tests\Pulswerk.Billing.Tests.csproj", "{CEE60D3C-2C38-4982-B3C9-4C6584264C0D}"
EndProject
Global
	GlobalSection(SolutionConfigurationPlatforms) = preSolution
		Debug|Any CPU = Debug|Any CPU
		Release|Any CPU = Release|Any CPU
	EndGlobalSection
	GlobalSection(ProjectConfigurationPlatforms) = postSolution
		{A1000001-0000-0000-0000-000000000001}.Debug|Any CPU.ActiveCfg = Debug|Any CPU
		{A1000001-0000-0000-0000-000000000001}.Debug|Any CPU.Build.0 = Debug|Any CPU
		{A1000001-0000-0000-0000-000000000001}.Release|Any CPU.ActiveCfg = Release|Any CPU
		{A1000001-0000-0000-0000-000000000001}.Release|Any CPU.Build.0 = Release|Any CPU
		{A1000002-0000-0000-0000-000000000002}.Debug|Any CPU.ActiveCfg = Debug|Any CPU
		{A1000002-0000-0000-0000-000000000002}.Debug|Any CPU.Build.0 = Debug|Any CPU
		{A1000002-0000-0000-0000-000000000002}.Release|Any CPU.ActiveCfg = Release|Any CPU
		{A1000002-0000-0000-0000-000000000002}.Release|Any CPU.Build.0 = Release|Any CPU
		{A1000003-0000-0000-0000-000000000003}.Debug|Any CPU.ActiveCfg = Debug|Any CPU
		{A1000003-0000-0000-0000-000000000003}.Debug|Any CPU.Build.0 = Debug|Any CPU
		{A1000003-0000-0000-0000-000000000003}.Release|Any CPU.ActiveCfg = Release|Any CPU
		{A1000003-0000-0000-0000-000000000003}.Release|Any CPU.Build.0 = Release|Any CPU
		{A1000004-0000-0000-0000-000000000004}.Debug|Any CPU.ActiveCfg = Debug|Any CPU
		{A1000004-0000-0000-0000-000000000004}.Debug|Any CPU.Build.0 = Debug|Any CPU
		{A1000004-0000-0000-0000-000000000004}.Release|Any CPU.ActiveCfg = Release|Any CPU
		{A1000004-0000-0000-0000-000000000004}.Release|Any CPU.Build.0 = Release|Any CPU
		{A1000005-0000-0000-0000-000000000005}.Debug|Any CPU.ActiveCfg = Debug|Any CPU
		{A1000005-0000-0000-0000-000000000005}.Debug|Any CPU.Build.0 = Debug|Any CPU
		{A1000005-0000-0000-0000-000000000005}.Release|Any CPU.ActiveCfg = Release|Any CPU
		{A1000005-0000-0000-0000-000000000005}.Release|Any CPU.Build.0 = Release|Any CPU
		{B1000001-0000-0000-0000-000000000001}.Debug|Any CPU.ActiveCfg = Debug|Any CPU
		{B1000001-0000-0000-0000-000000000001}.Debug|Any CPU.Build.0 = Debug|Any CPU
		{B1000001-0000-0000-0000-000000000001}.Release|Any CPU.ActiveCfg = Release|Any CPU
		{B1000001-0000-0000-0000-000000000001}.Release|Any CPU.Build.0 = Release|Any CPU
		{B1000002-0000-0000-0000-000000000002}.Debug|Any CPU.ActiveCfg = Debug|Any CPU
		{B1000002-0000-0000-0000-000000000002}.Debug|Any CPU.Build.0 = Debug|Any CPU
		{B1000002-0000-0000-0000-000000000002}.Release|Any CPU.ActiveCfg = Release|Any CPU
		{B1000002-0000-0000-0000-000000000002}.Release|Any CPU.Build.0 = Release|Any CPU
		{B1000003-0000-0000-0000-000000000003}.Debug|Any CPU.ActiveCfg = Debug|Any CPU
		{B1000003-0000-0000-0000-000000000003}.Debug|Any CPU.Build.0 = Debug|Any CPU
		{B1000003-0000-0000-0000-000000000003}.Release|Any CPU.ActiveCfg = Release|Any CPU
		{B1000003-0000-0000-0000-000000000003}.Release|Any CPU.Build.0 = Release|Any CPU
		{F8F97FC2-5C34-4240-9E6A-79CE893C9DD6}.Debug|Any CPU.ActiveCfg = Debug|Any CPU
		{F8F97FC2-5C34-4240-9E6A-79CE893C9DD6}.Debug|Any CPU.Build.0 = Debug|Any CPU
		{F8F97FC2-5C34-4240-9E6A-79CE893C9DD6}.Release|Any CPU.ActiveCfg = Release|Any CPU
		{F8F97FC2-5C34-4240-9E6A-79CE893C9DD6}.Release|Any CPU.Build.0 = Release|Any CPU
		{9D414EE4-EA2C-4684-AC27-033AA90DF2EC}.Debug|Any CPU.ActiveCfg = Debug|Any CPU
		{9D414EE4-EA2C-4684-AC27-033AA90DF2EC}.Debug|Any CPU.Build.0 = Debug|Any CPU
		{9D414EE4-EA2C-4684-AC27-033AA90DF2EC}.Release|Any CPU.ActiveCfg = Release|Any CPU
		{9D414EE4-EA2C-4684-AC27-033AA90DF2EC}.Release|Any CPU.Build.0 = Release|Any CPU
		{F1C628B5-3600-4E93-9A37-E1BA2045DE3A}.Debug|Any CPU.ActiveCfg = Debug|Any CPU
		{F1C628B5-3600-4E93-9A37-E1BA2045DE3A}.Debug|Any CPU.Build.0 = Debug|Any CPU
		{F1C628B5-3600-4E93-9A37-E1BA2045DE3A}.Release|Any CPU.ActiveCfg = Release|Any CPU
		{F1C628B5-3600-4E93-9A37-E1BA2045DE3A}.Release|Any CPU.Build.0 = Release|Any CPU
		{CEE60D3C-2C38-4982-B3C9-4C6584264C0D}.Debug|Any CPU.ActiveCfg = Debug|Any CPU
		{CEE60D3C-2C38-4982-B3C9-4C6584264C0D}.Debug|Any CPU.Build.0 = Debug|Any CPU
		{CEE60D3C-2C38-4982-B3C9-4C6584264C0D}.Release|Any CPU.ActiveCfg = Release|Any CPU
		{CEE60D3C-2C38-4982-B3C9-4C6584264C0D}.Release|Any CPU.Build.0 = Release|Any CPU
	EndGlobalSection
	GlobalSection(NestedProjects) = preSolution
		{F8F97FC2-5C34-4240-9E6A-79CE893C9DD6} = {FDDA8951-1236-4E6C-A103-EEA5DE622980}
		{9D414EE4-EA2C-4684-AC27-033AA90DF2EC} = {283AD569-FDEC-43A1-BEB8-783FE0F57B01}
		{F1C628B5-3600-4E93-9A37-E1BA2045DE3A} = {283AD569-FDEC-43A1-BEB8-783FE0F57B01}
		{CEE60D3C-2C38-4982-B3C9-4C6584264C0D} = {FDDA8951-1236-4E6C-A103-EEA5DE622980}
	EndGlobalSection
EndGlobal
